
Microsoft Visual Studio Solution File, Format Version 12.00
# Visual Studio Version 17
VisualStudioVersion = 17.10.35122.118
MinimumVisualStudioVersion = 10.0.40219.1
Project("{9A19103F-16F7-4668-BE54-9A1E7A4F7556}") = "CBTDWeb", "CBTDWeb\CBTDWeb.csproj", "{BF8FCF92-A479-4446-A6CC-394256B42777}"
EndProject
Project("{9A19103F-16F7-4668-BE54-9A1E7A4F7556}") = "Infrastructure", "Infrastucture\Infrastructure.csproj", "{1BE284C3-5778-4FED-986A-B55DE4205D6A}"
EndProject
Project("{9A19103F-16F7-4668-BE54-9A1E7A4F7556}") = "DataAccess", "DataAccess\DataAccess.csproj", "{5C9C3CE5-296D-4EA2-8DC0-94DA5325C337}"
EndProject
Project("{9A19103F-16F7-4668-BE54-9A1E7A4F7556}") = "Utility", "Utility\Utility.csproj", "{9E58F7B0-0568-45F5-9D34-A9380F595E1D}"
EndProject
Global
	GlobalSection(SolutionConfigurationPlatforms) = preSolution
		Debug|Any CPU = Debug|Any CPU
		Release|Any CPU = Release|Any CPU
	EndGlobalSection
	GlobalSection(ProjectConfigurationPlatforms) = postSolution
		{BF8FCF92-A479-4446-A6CC-394256B42777}.Debug|Any CPU.ActiveCfg = Debug|Any CPU
		{BF8FCF92-A479-4446-A6CC-394256B42777}.Debug|Any CPU.Build.0 = Debug|Any CPU
		{BF8FCF92-A479-4446-A6CC-394256B42777}.Release|Any CPU.ActiveCfg = Release|Any CPU
		{BF8FCF92-A479-4446-A6CC-394256B42777}.Release|Any CPU.Build.0 = Release|Any CPU
		{1BE284C3-5778-4FED-986A-B55DE4205D6A}.Debug|Any CPU.ActiveCfg = Debug|Any CPU
		{1BE284C3-5778-4FED-986A-B55DE4205D6A}.Debug|Any CPU.Build.0 = Debug|Any CPU
		{1BE284C3-5778-4FED-986A-B55DE4205D6A}.Release|Any CPU.ActiveCfg = Release|Any CPU
		{1BE284C3-5778-4FED-986A-B55DE4205D6A}.Release|Any CPU.Build.0 = Release|Any CPU
		{5C9C3CE5-296D-4EA2-8DC0-94DA5325C337}.Debug|Any CPU.ActiveCfg = Debug|Any CPU
		{5C9C3CE5-296D-4EA2-8DC0-94DA5325C337}.Debug|Any CPU.Build.0 = Debug|Any CPU
		{5C9C3CE5-296D-4EA2-8DC0-94DA5325C337}.Release|Any CPU.ActiveCfg = Release|Any CPU
		{5C9C3CE5-296D-4EA2-8DC0-94DA5325C337}.Release|Any CPU.Build.0 = Release|Any CPU
		{9E58F7B0-0568-45F5-9D34-A9380F595E1D}.Debug|Any CPU.ActiveCfg = Debug|Any CPU
		{9E58F7B0-0568-45F5-9D34-A9380F595E1D}.Debug|Any CPU.Build.0 = Debug|Any CPU
		{9E58F7B0-0568-45F5-9D34-A9380F595E1D}.Release|Any CPU.ActiveCfg = Release|Any CPU
		{9E58F7B0-0568-45F5-9D34-A9380F595E1D}.Release|Any CPU.Build.0 = Release|Any CPU
	EndGlobalSection
	GlobalSection(SolutionProperties) = preSolution
		HideSolutionNode = FALSE
	EndGlobalSection
	GlobalSection(ExtensibilityGlobals) = postSolution
		SolutionGuid = {9F4062CA-A715-482A-AF9D-1B780B55EE7D}
	EndGlobalSection
EndGlobal
